
Microsoft Visual Studio Solution File, Format Version 12.00
# Visual Studio Version 17
VisualStudioVersion = 17.0.31903.59
MinimumVisualStudioVersion = 10.0.40219.1
Project("{2150E333-8FDC-42A3-9474-1A3956D46DE8}") = "src", "src", "{827E0CD3-B72D-47B6-A68D-7590B98EB39B}"
EndProject
Project("{FAE04EC0-301F-11D3-BF4B-00C04F79EFBC}") = "DotNetFrameworkVaultStarter", "src\DotNetFrameworkVaultStarter\DotNetFrameworkVaultStarter.csproj", "{5C64F516-BCC8-4C23-8A7A-23A350CBAAA3}"
EndProject
Project("{2150E333-8FDC-42A3-9474-1A3956D46DE8}") = "examples", "examples", "{B36A84DF-456D-A817-6EDD-3EC3E7F6E11F}"
EndProject
Project("{FAE04EC0-301F-11D3-BF4B-00C04F79EFBC}") = "ConsoleApp", "examples\ConsoleApp\ConsoleApp.csproj", "{FB99075E-1C81-428C-B7D8-DE75D59DE90D}"
EndProject
Project("{FAE04EC0-301F-11D3-BF4B-00C04F79EFBC}") = "LegacyWebFormsExample", "examples\LegacyWebFormsExample\LegacyWebFormsExample.csproj", "{3E87018C-D11E-410E-BFF2-832E76255C19}"
EndProject
Project("{FAE04EC0-301F-11D3-BF4B-00C04F79EFBC}") = "WindowsServiceExample", "examples\WindowsServiceExample\WindowsServiceExample.csproj", "{45D314C1-FAC6-43DF-9E1D-C9A235EC63D0}"
EndProject
Project("{2150E333-8FDC-42A3-9474-1A3956D46DE8}") = "tests", "tests", "{0AB3BF05-4346-4AA6-1389-037BE0695223}"
EndProject
Project("{FAE04EC0-301F-11D3-BF4B-00C04F79EFBC}") = "DotNetFrameworkVaultStarter.Tests", "tests\DotNetFrameworkVaultStarter.Tests\DotNetFrameworkVaultStarter.Tests.csproj", "{B6EAE38F-1E6F-4AC5-8E97-48E4850B1FB2}"
EndProject
Global
	GlobalSection(SolutionConfigurationPlatforms) = preSolution
		Debug|Any CPU = Debug|Any CPU
		Debug|x64 = Debug|x64
		Debug|x86 = Debug|x86
		Release|Any CPU = Release|Any CPU
		Release|x64 = Release|x64
		Release|x86 = Release|x86
	EndGlobalSection
	GlobalSection(ProjectConfigurationPlatforms) = postSolution
		{5C64F516-BCC8-4C23-8A7A-23A350CBAAA3}.Debug|Any CPU.ActiveCfg = Debug|Any CPU
		{5C64F516-BCC8-4C23-8A7A-23A350CBAAA3}.Debug|Any CPU.Build.0 = Debug|Any CPU
		{5C64F516-BCC8-4C23-8A7A-23A350CBAAA3}.Debug|x64.ActiveCfg = Debug|Any CPU
		{5C64F516-BCC8-4C23-8A7A-23A350CBAAA3}.Debug|x64.Build.0 = Debug|Any CPU
		{5C64F516-BCC8-4C23-8A7A-23A350CBAAA3}.Debug|x86.ActiveCfg = Debug|Any CPU
		{5C64F516-BCC8-4C23-8A7A-23A350CBAAA3}.Debug|x86.Build.0 = Debug|Any CPU
		{5C64F516-BCC8-4C23-8A7A-23A350CBAAA3}.Release|Any CPU.ActiveCfg = Release|Any CPU
		{5C64F516-BCC8-4C23-8A7A-23A350CBAAA3}.Release|Any CPU.Build.0 = Release|Any CPU
		{5C64F516-BCC8-4C23-8A7A-23A350CBAAA3}.Release|x64.ActiveCfg = Release|Any CPU
		{5C64F516-BCC8-4C23-8A7A-23A350CBAAA3}.Release|x64.Build.0 = Release|Any CPU
		{5C64F516-BCC8-4C23-8A7A-23A350CBAAA3}.Release|x86.ActiveCfg = Release|Any CPU
		{5C64F516-BCC8-4C23-8A7A-23A350CBAAA3}.Release|x86.Build.0 = Release|Any CPU
		{FB99075E-1C81-428C-B7D8-DE75D59DE90D}.Debug|Any CPU.ActiveCfg = Debug|Any CPU
		{FB99075E-1C81-428C-B7D8-DE75D59DE90D}.Debug|Any CPU.Build.0 = Debug|Any CPU
		{FB99075E-1C81-428C-B7D8-DE75D59DE90D}.Debug|x64.ActiveCfg = Debug|Any CPU
		{FB99075E-1C81-428C-B7D8-DE75D59DE90D}.Debug|x64.Build.0 = Debug|Any CPU
		{FB99075E-1C81-428C-B7D8-DE75D59DE90D}.Debug|x86.ActiveCfg = Debug|Any CPU
		{FB99075E-1C81-428C-B7D8-DE75D59DE90D}.Debug|x86.Build.0 = Debug|Any CPU
		{FB99075E-1C81-428C-B7D8-DE75D59DE90D}.Release|Any CPU.ActiveCfg = Release|Any CPU
		{FB99075E-1C81-428C-B7D8-DE75D59DE90D}.Release|Any CPU.Build.0 = Release|Any CPU
		{FB99075E-1C81-428C-B7D8-DE75D59DE90D}.Release|x64.ActiveCfg = Release|Any CPU
		{FB99075E-1C81-428C-B7D8-DE75D59DE90D}.Release|x64.Build.0 = Release|Any CPU
		{FB99075E-1C81-428C-B7D8-DE75D59DE90D}.Release|x86.ActiveCfg = Release|Any CPU
		{FB99075E-1C81-428C-B7D8-DE75D59DE90D}.Release|x86.Build.0 = Release|Any CPU
		{3E87018C-D11E-410E-BFF2-832E76255C19}.Debug|Any CPU.ActiveCfg = Debug|Any CPU
		{3E87018C-D11E-410E-BFF2-832E76255C19}.Debug|Any CPU.Build.0 = Debug|Any CPU
		{3E87018C-D11E-410E-BFF2-832E76255C19}.Debug|x64.ActiveCfg = Debug|Any CPU
		{3E87018C-D11E-410E-BFF2-832E76255C19}.Debug|x64.Build.0 = Debug|Any CPU
		{3E87018C-D11E-410E-BFF2-832E76255C19}.Debug|x86.ActiveCfg = Debug|Any CPU
		{3E87018C-D11E-410E-BFF2-832E76255C19}.Debug|x86.Build.0 = Debug|Any CPU
		{3E87018C-D11E-410E-BFF2-832E76255C19}.Release|Any CPU.ActiveCfg = Release|Any CPU
		{3E87018C-D11E-410E-BFF2-832E76255C19}.Release|Any CPU.Build.0 = Release|Any CPU
		{3E87018C-D11E-410E-BFF2-832E76255C19}.Release|x64.ActiveCfg = Release|Any CPU
		{3E87018C-D11E-410E-BFF2-832E76255C19}.Release|x64.Build.0 = Release|Any CPU
		{3E87018C-D11E-410E-BFF2-832E76255C19}.Release|x86.ActiveCfg = Release|Any CPU
		{3E87018C-D11E-410E-BFF2-832E76255C19}.Release|x86.Build.0 = Release|Any CPU
		{45D314C1-FAC6-43DF-9E1D-C9A235EC63D0}.Debug|Any CPU.ActiveCfg = Debug|Any CPU
		{45D314C1-FAC6-43DF-9E1D-C9A235EC63D0}.Debug|Any CPU.Build.0 = Debug|Any CPU
		{45D314C1-FAC6-43DF-9E1D-C9A235EC63D0}.Debug|x64.ActiveCfg = Debug|Any CPU
		{45D314C1-FAC6-43DF-9E1D-C9A235EC63D0}.Debug|x64.Build.0 = Debug|Any CPU
		{45D314C1-FAC6-43DF-9E1D-C9A235EC63D0}.Debug|x86.ActiveCfg = Debug|Any CPU
		{45D314C1-FAC6-43DF-9E1D-C9A235EC63D0}.Debug|x86.Build.0 = Debug|Any CPU
		{45D314C1-FAC6-43DF-9E1D-C9A235EC63D0}.Release|Any CPU.ActiveCfg = Release|Any CPU
		{45D314C1-FAC6-43DF-9E1D-C9A235EC63D0}.Release|Any CPU.Build.0 = Release|Any CPU
		{45D314C1-FAC6-43DF-9E1D-C9A235EC63D0}.Release|x64.ActiveCfg = Release|Any CPU
		{45D314C1-FAC6-43DF-9E1D-C9A235EC63D0}.Release|x64.Build.0 = Release|Any CPU
		{45D314C1-FAC6-43DF-9E1D-C9A235EC63D0}.Release|x86.ActiveCfg = Release|Any CPU
		{45D314C1-FAC6-43DF-9E1D-C9A235EC63D0}.Release|x86.Build.0 = Release|Any CPU
		{B6EAE38F-1E6F-4AC5-8E97-48E4850B1FB2}.Debug|Any CPU.ActiveCfg = Debug|Any CPU
		{B6EAE38F-1E6F-4AC5-8E97-48E4850B1FB2}.Debug|Any CPU.Build.0 = Debug|Any CPU
		{B6EAE38F-1E6F-4AC5-8E97-48E4850B1FB2}.Debug|x64.ActiveCfg = Debug|Any CPU
		{B6EAE38F-1E6F-4AC5-8E97-48E4850B1FB2}.Debug|x64.Build.0 = Debug|Any CPU
		{B6EAE38F-1E6F-4AC5-8E97-48E4850B1FB2}.Debug|x86.ActiveCfg = Debug|Any CPU
		{B6EAE38F-1E6F-4AC5-8E97-48E4850B1FB2}.Debug|x86.Build.0 = Debug|Any CPU
		{B6EAE38F-1E6F-4AC5-8E97-48E4850B1FB2}.Release|Any CPU.ActiveCfg = Release|Any CPU
		{B6EAE38F-1E6F-4AC5-8E97-48E4850B1FB2}.Release|Any CPU.Build.0 = Release|Any CPU
		{B6EAE38F-1E6F-4AC5-8E97-48E4850B1FB2}.Release|x64.ActiveCfg = Release|Any CPU
		{B6EAE38F-1E6F-4AC5-8E97-48E4850B1FB2}.Release|x64.Build.0 = Release|Any CPU
		{B6EAE38F-1E6F-4AC5-8E97-48E4850B1FB2}.Release|x86.ActiveCfg = Release|Any CPU
		{B6EAE38F-1E6F-4AC5-8E97-48E4850B1FB2}.Release|x86.Build.0 = Release|Any CPU
	EndGlobalSection
	GlobalSection(SolutionProperties) = preSolution
		HideSolutionNode = FALSE
	EndGlobalSection
	GlobalSection(NestedProjects) = preSolution
		{5C64F516-BCC8-4C23-8A7A-23A350CBAAA3} = {827E0CD3-B72D-47B6-A68D-7590B98EB39B}
		{FB99075E-1C81-428C-B7D8-DE75D59DE90D} = {B36A84DF-456D-A817-6EDD-3EC3E7F6E11F}
		{3E87018C-D11E-410E-BFF2-832E76255C19} = {B36A84DF-456D-A817-6EDD-3EC3E7F6E11F}
		{45D314C1-FAC6-43DF-9E1D-C9A235EC63D0} = {B36A84DF-456D-A817-6EDD-3EC3E7F6E11F}
		{B6EAE38F-1E6F-4AC5-8E97-48E4850B1FB2} = {0AB3BF05-4346-4AA6-1389-037BE0695223}
	EndGlobalSection
EndGlobal
